
Microsoft Visual Studio Solution File, Format Version 12.00
# Visual Studio 15
VisualStudioVersion = 15.0.27130.2036
MinimumVisualStudioVersion = 10.0.40219.1
Project("{FAE04EC0-301F-11D3-BF4B-00C04F79EFBC}") = "DragAndDrop", "DragAndDrop\DragAndDrop.csproj", "{2EA91DEF-3663-4B0B-9982-EFF124A69D01}"
EndProject
Global
	GlobalSection(SolutionConfigurationPlatforms) = preSolution
		Debug|Any CPU = Debug|Any CPU
		Release|Any CPU = Release|Any CPU
	EndGlobalSection
	GlobalSection(ProjectConfigurationPlatforms) = postSolution
		{2EA91DEF-3663-4B0B-9982-EFF124A69D01}.Debug|Any CPU.ActiveCfg = Debug|Any CPU
		{2EA91DEF-3663-4B0B-9982-EFF124A69D01}.Debug|Any CPU.Build.0 = Debug|Any CPU
		{2EA91DEF-3663-4B0B-9982-EFF124A69D01}.Release|Any CPU.ActiveCfg = Release|Any CPU
		{2EA91DEF-3663-4B0B-9982-EFF124A69D01}.Release|Any CPU.Build.0 = Release|Any CPU
	EndGlobalSection
	GlobalSection(SolutionProperties) = preSolution
		HideSolutionNode = FALSE
	EndGlobalSection
	GlobalSection(ExtensibilityGlobals) = postSolution
		SolutionGuid = {34F97794-CBEC-47FF-9285-F134765E6B33}
	EndGlobalSection
EndGlobal
